PODS:
  - camera_avfoundation (0.0.1):
    - Flutter
  - Flutter (1.0.0)
  - flutter_d2go (0.6.1):
    - Flutter
    - LibTorch (~> 1.9.0)
    - LibTorchvision (= 0.10.0)
  - image_picker_ios (0.0.1):
    - Flutter
  - LibTorch (1.9.0):
    - LibTorch/Core (= 1.9.0)
  - LibTorch/Core (1.9.0):
    - LibTorch/Torch
  - LibTorch/Torch (1.9.0)
  - LibTorchvision (0.10.0)
  - path_provider_foundation (0.0.1):
    - Flutter
    - FlutterMacOS

DEPENDENCIES:
  - camera_avfoundation (from `.symlinks/plugins/camera_avfoundation/ios`)
  - Flutter (from `Flutter`)
  - flutter_d2go (from `.symlinks/plugins/flutter_d2go/ios`)
  - image_picker_ios (from `.symlinks/plugins/image_picker_ios/ios`)
  - path_provider_foundation (from `.symlinks/plugins/path_provider_foundation/ios`)

SPEC REPOS:
  trunk:
    - LibTorch
    - LibTorchvision

EXTERNAL SOURCES:
  camera_avfoundation:
    :path: ".symlinks/plugins/camera_avfoundation/ios"
  Flutter:
    :path: Flutter
  flutter_d2go:
    :path: ".symlinks/plugins/flutter_d2go/ios"
  image_picker_ios:
    :path: ".symlinks/plugins/image_picker_ios/ios"
  path_provider_foundation:
    :path: ".symlinks/plugins/path_provider_foundation/ios"

SPEC CHECKSUMS:
  camera_avfoundation: 3125e8cd1a4387f6f31c6c63abb8a55892a9eeeb
  Flutter: f04841e97a9d0b0a8025694d0796dd46242b2854
  flutter_d2go: ad400141c8c45ec8a5a39366435ac1b3685c0447
  image_picker_ios: 4a8aadfbb6dc30ad5141a2ce3832af9214a705b5
  LibTorch: d89f452b8b932002bd98884b3921850a95c35e14
  LibTorchvision: 5005f76146d310b7bb1f7ccfa618188f9e3a0dc2
  path_provider_foundation: c68054786f1b4f3343858c1e1d0caaded73f0be9

PODFILE CHECKSUM: fe28524d052975a46c416ec54dc370d5e77973a0

COCOAPODS: 1.12.0
